
Microsoft Visual Studio Solution File, Format Version 12.00
# Visual Studio 15
VisualStudioVersion = 15.0.28307.1209
MinimumVisualStudioVersion = 10.0.40219.1
Project("{8BC9CEB8-8B4A-11D0-8D11-00A0C91BC942}") = "fastsortList", "fastsortList\fastsortList.vcxproj", "{6C1BF49E-AFEB-4B97-839D-9F2D4EB54D75}"
EndProject
Project("{8BC9CEB8-8B4A-11D0-8D11-00A0C91BC942}") = "sortTest", "sortTest\sortTest.vcxproj", "{DF4D70CE-1FC9-4C17-AEA8-AD7F244B276E}"
EndProject
Project("{8BC9CEB8-8B4A-11D0-8D11-00A0C91BC942}") = "sortdoubleTest", "sortdoubleTest\sortdoubleTest.vcxproj", "{E03113F5-27D9-4BE3-A377-D9B730AD02A3}"
EndProject
Global
	GlobalSection(SolutionConfigurationPlatforms) = preSolution
		Debug|x64 = Debug|x64
		Debug|x86 = Debug|x86
		Release|x64 = Release|x64
		Release|x86 = Release|x86
	EndGlobalSection
	GlobalSection(ProjectConfigurationPlatforms) = postSolution
		{6C1BF49E-AFEB-4B97-839D-9F2D4EB54D75}.Debug|x64.ActiveCfg = Debug|x64
		{6C1BF49E-AFEB-4B97-839D-9F2D4EB54D75}.Debug|x64.Build.0 = Debug|x64
		{6C1BF49E-AFEB-4B97-839D-9F2D4EB54D75}.Debug|x86.ActiveCfg = Debug|Win32
		{6C1BF49E-AFEB-4B97-839D-9F2D4EB54D75}.Debug|x86.Build.0 = Debug|Win32
		{6C1BF49E-AFEB-4B97-839D-9F2D4EB54D75}.Release|x64.ActiveCfg = Release|x64
		{6C1BF49E-AFEB-4B97-839D-9F2D4EB54D75}.Release|x64.Build.0 = Release|x64
		{6C1BF49E-AFEB-4B97-839D-9F2D4EB54D75}.Release|x86.ActiveCfg = Release|Win32
		{6C1BF49E-AFEB-4B97-839D-9F2D4EB54D75}.Release|x86.Build.0 = Release|Win32
		{DF4D70CE-1FC9-4C17-AEA8-AD7F244B276E}.Debug|x64.ActiveCfg = Debug|x64
		{DF4D70CE-1FC9-4C17-AEA8-AD7F244B276E}.Debug|x64.Build.0 = Debug|x64
		{DF4D70CE-1FC9-4C17-AEA8-AD7F244B276E}.Debug|x86.ActiveCfg = Debug|Win32
		{DF4D70CE-1FC9-4C17-AEA8-AD7F244B276E}.Debug|x86.Build.0 = Debug|Win32
		{DF4D70CE-1FC9-4C17-AEA8-AD7F244B276E}.Release|x64.ActiveCfg = Release|x64
		{DF4D70CE-1FC9-4C17-AEA8-AD7F244B276E}.Release|x64.Build.0 = Release|x64
		{DF4D70CE-1FC9-4C17-AEA8-AD7F244B276E}.Release|x86.ActiveCfg = Release|Win32
		{DF4D70CE-1FC9-4C17-AEA8-AD7F244B276E}.Release|x86.Build.0 = Release|Win32
		{E03113F5-27D9-4BE3-A377-D9B730AD02A3}.Debug|x64.ActiveCfg = Debug|x64
		{E03113F5-27D9-4BE3-A377-D9B730AD02A3}.Debug|x64.Build.0 = Debug|x64
		{E03113F5-27D9-4BE3-A377-D9B730AD02A3}.Debug|x86.ActiveCfg = Debug|Win32
		{E03113F5-27D9-4BE3-A377-D9B730AD02A3}.Debug|x86.Build.0 = Debug|Win32
		{E03113F5-27D9-4BE3-A377-D9B730AD02A3}.Release|x64.ActiveCfg = Release|x64
		{E03113F5-27D9-4BE3-A377-D9B730AD02A3}.Release|x64.Build.0 = Release|x64
		{E03113F5-27D9-4BE3-A377-D9B730AD02A3}.Release|x86.ActiveCfg = Release|Win32
		{E03113F5-27D9-4BE3-A377-D9B730AD02A3}.Release|x86.Build.0 = Release|Win32
	EndGlobalSection
	GlobalSection(SolutionProperties) = preSolution
		HideSolutionNode = FALSE
	EndGlobalSection
	GlobalSection(ExtensibilityGlobals) = postSolution
		SolutionGuid = {0DE8B409-ABDD-4763-A8E6-E6CE20E61F11}
	EndGlobalSection
EndGlobal
